
Microsoft Visual Studio Solution File, Format Version 12.00
# Visual Studio Version 17
VisualStudioVersion = 17.12.35527.113
MinimumVisualStudioVersion = 10.0.40219.1
Project("{FAE04EC0-301F-11D3-BF4B-00C04F79EFBC}") = "BotQually", "BotQually\BotQually.csproj", "{0A0C9CE2-E6B6-4B11-81A0-61B599D39838}"
EndProject
Project("{FAE04EC0-301F-11D3-BF4B-00C04F79EFBC}") = "QuallyFlash", "QuallyFlash\QuallyFlash.csproj", "{0A32B0B4-A551-471C-A2F8-2A77844F2542}"
EndProject
Project("{FAE04EC0-301F-11D3-BF4B-00C04F79EFBC}") = "AccountHolder", "AccountHolder\AccountHolder.csproj", "{14948B5B-F54E-47BD-BE16-30A720614DCC}"
EndProject
Global
	GlobalSection(SolutionConfigurationPlatforms) = preSolution
		Debug|Any CPU = Debug|Any CPU
		Release|Any CPU = Release|Any CPU
	EndGlobalSection
	GlobalSection(ProjectConfigurationPlatforms) = postSolution
		{0A0C9CE2-E6B6-4B11-81A0-61B599D39838}.Debug|Any CPU.ActiveCfg = Debug|Any CPU
		{0A0C9CE2-E6B6-4B11-81A0-61B599D39838}.Debug|Any CPU.Build.0 = Debug|Any CPU
		{0A0C9CE2-E6B6-4B11-81A0-61B599D39838}.Release|Any CPU.ActiveCfg = Release|Any CPU
		{0A0C9CE2-E6B6-4B11-81A0-61B599D39838}.Release|Any CPU.Build.0 = Release|Any CPU
		{0A32B0B4-A551-471C-A2F8-2A77844F2542}.Debug|Any CPU.ActiveCfg = Debug|Any CPU
		{0A32B0B4-A551-471C-A2F8-2A77844F2542}.Debug|Any CPU.Build.0 = Debug|Any CPU
		{0A32B0B4-A551-471C-A2F8-2A77844F2542}.Release|Any CPU.ActiveCfg = Release|Any CPU
		{0A32B0B4-A551-471C-A2F8-2A77844F2542}.Release|Any CPU.Build.0 = Release|Any CPU
		{14948B5B-F54E-47BD-BE16-30A720614DCC}.Debug|Any CPU.ActiveCfg = Debug|Any CPU
		{14948B5B-F54E-47BD-BE16-30A720614DCC}.Debug|Any CPU.Build.0 = Debug|Any CPU
		{14948B5B-F54E-47BD-BE16-30A720614DCC}.Release|Any CPU.ActiveCfg = Release|Any CPU
		{14948B5B-F54E-47BD-BE16-30A720614DCC}.Release|Any CPU.Build.0 = Release|Any CPU
	EndGlobalSection
	GlobalSection(SolutionProperties) = preSolution
		HideSolutionNode = FALSE
	EndGlobalSection
	GlobalSection(ExtensibilityGlobals) = postSolution
		SolutionGuid = {19660A23-B6B6-4A47-A749-1EA4149F6183}
	EndGlobalSection
EndGlobal
